
Microsoft Visual Studio Solution File, Format Version 12.00
# Visual Studio Version 17
VisualStudioVersion = 17.11.35312.102
MinimumVisualStudioVersion = 10.0.40219.1
Project("{FAE04EC0-301F-11D3-BF4B-00C04F79EFBC}") = "practice", "practice\practice.csproj", "{0DAE5969-02E8-43C0-9458-D0CE454B9AE7}"
EndProject
Global
	GlobalSection(SolutionConfigurationPlatforms) = preSolution
		Debug|Any CPU = Debug|Any CPU
		Release|Any CPU = Release|Any CPU
	EndGlobalSection
	GlobalSection(ProjectConfigurationPlatforms) = postSolution
		{0DAE5969-02E8-43C0-9458-D0CE454B9AE7}.Debug|Any CPU.ActiveCfg = Debug|Any CPU
		{0DAE5969-02E8-43C0-9458-D0CE454B9AE7}.Debug|Any CPU.Build.0 = Debug|Any CPU
		{0DAE5969-02E8-43C0-9458-D0CE454B9AE7}.Release|Any CPU.ActiveCfg = Release|Any CPU
		{0DAE5969-02E8-43C0-9458-D0CE454B9AE7}.Release|Any CPU.Build.0 = Release|Any CPU
	EndGlobalSection
	GlobalSection(SolutionProperties) = preSolution
		HideSolutionNode = FALSE
	EndGlobalSection
	GlobalSection(ExtensibilityGlobals) = postSolution
		SolutionGuid = {39179E74-3762-4780-BFFF-E29CEDE0F4E9}
	EndGlobalSection
EndGlobal
