
Microsoft Visual Studio Solution File, Format Version 12.00
# Visual Studio Version 17
VisualStudioVersion = 17.11.35312.102
MinimumVisualStudioVersion = 10.0.40219.1
Project("{FAE04EC0-301F-11D3-BF4B-00C04F79EFBC}") = "22octinterface", "22octinterface.csproj", "{74B8D882-22F4-44CC-A965-58C3D3E92E2B}"
EndProject
Global
	GlobalSection(SolutionConfigurationPlatforms) = preSolution
		Debug|Any CPU = Debug|Any CPU
		Release|Any CPU = Release|Any CPU
	EndGlobalSection
	GlobalSection(ProjectConfigurationPlatforms) = postSolution
		{74B8D882-22F4-44CC-A965-58C3D3E92E2B}.Debug|Any CPU.ActiveCfg = Debug|Any CPU
		{74B8D882-22F4-44CC-A965-58C3D3E92E2B}.Debug|Any CPU.Build.0 = Debug|Any CPU
		{74B8D882-22F4-44CC-A965-58C3D3E92E2B}.Release|Any CPU.ActiveCfg = Release|Any CPU
		{74B8D882-22F4-44CC-A965-58C3D3E92E2B}.Release|Any CPU.Build.0 = Release|Any CPU
	EndGlobalSection
	GlobalSection(SolutionProperties) = preSolution
		HideSolutionNode = FALSE
	EndGlobalSection
	GlobalSection(ExtensibilityGlobals) = postSolution
		SolutionGuid = {F7ECC550-36FA-4A70-96FC-B0FFD133CC7F}
	EndGlobalSection
EndGlobal
