
Microsoft Visual Studio Solution File, Format Version 12.00
# Visual Studio Version 17
VisualStudioVersion = 17.11.35312.102
MinimumVisualStudioVersion = 10.0.40219.1
Project("{FAE04EC0-301F-11D3-BF4B-00C04F79EFBC}") = "Generic", "Generic.csproj", "{A3A2BBD3-5C54-4FC4-A3DB-54EACBDDCB7D}"
EndProject
Global
	GlobalSection(SolutionConfigurationPlatforms) = preSolution
		Debug|Any CPU = Debug|Any CPU
		Release|Any CPU = Release|Any CPU
	EndGlobalSection
	GlobalSection(ProjectConfigurationPlatforms) = postSolution
		{A3A2BBD3-5C54-4FC4-A3DB-54EACBDDCB7D}.Debug|Any CPU.ActiveCfg = Debug|Any CPU
		{A3A2BBD3-5C54-4FC4-A3DB-54EACBDDCB7D}.Debug|Any CPU.Build.0 = Debug|Any CPU
		{A3A2BBD3-5C54-4FC4-A3DB-54EACBDDCB7D}.Release|Any CPU.ActiveCfg = Release|Any CPU
		{A3A2BBD3-5C54-4FC4-A3DB-54EACBDDCB7D}.Release|Any CPU.Build.0 = Release|Any CPU
	EndGlobalSection
	GlobalSection(SolutionProperties) = preSolution
		HideSolutionNode = FALSE
	EndGlobalSection
	GlobalSection(ExtensibilityGlobals) = postSolution
		SolutionGuid = {431E029F-3240-464D-8152-E834791FF32A}
	EndGlobalSection
EndGlobal
